
Microsoft Visual Studio Solution File, Format Version 12.00
# Visual Studio 15
VisualStudioVersion = 15.0.28307.1267
MinimumVisualStudioVersion = 10.0.40219.1
Project("{8BC9CEB8-8B4A-11D0-8D11-00A0C91BC942}") = "ConsoleApplication1", "ConsoleApplication1\ConsoleApplication1.vcxproj", "{26D4D9FD-EB5C-47C8-AF73-DDDB923E03DA}"
EndProject
Global
	GlobalSection(SolutionConfigurationPlatforms) = preSolution
		Debug|x64 = Debug|x64
		Debug|x86 = Debug|x86
		Release|x64 = Release|x64
		Release|x86 = Release|x86
	EndGlobalSection
	GlobalSection(ProjectConfigurationPlatforms) = postSolution
		{26D4D9FD-EB5C-47C8-AF73-DDDB923E03DA}.Debug|x64.ActiveCfg = Debug|x64
		{26D4D9FD-EB5C-47C8-AF73-DDDB923E03DA}.Debug|x64.Build.0 = Debug|x64
		{26D4D9FD-EB5C-47C8-AF73-DDDB923E03DA}.Debug|x86.ActiveCfg = Debug|Win32
		{26D4D9FD-EB5C-47C8-AF73-DDDB923E03DA}.Debug|x86.Build.0 = Debug|Win32
		{26D4D9FD-EB5C-47C8-AF73-DDDB923E03DA}.Release|x64.ActiveCfg = Release|x64
		{26D4D9FD-EB5C-47C8-AF73-DDDB923E03DA}.Release|x64.Build.0 = Release|x64
		{26D4D9FD-EB5C-47C8-AF73-DDDB923E03DA}.Release|x86.ActiveCfg = Release|Win32
		{26D4D9FD-EB5C-47C8-AF73-DDDB923E03DA}.Release|x86.Build.0 = Release|Win32
	EndGlobalSection
	GlobalSection(SolutionProperties) = preSolution
		HideSolutionNode = FALSE
	EndGlobalSection
	GlobalSection(ExtensibilityGlobals) = postSolution
		SolutionGuid = {26A2F1A6-F1B1-4AB5-AE90-4EAFCDC19B38}
	EndGlobalSection
EndGlobal
